// !$*UTF8*$!
{
	archiveVersion = 1;
	classes = {
	};
	objectVersion = 50;
	objects = {

/* Begin PBXBuildFile section */
		86516E8223FB1C130049E517 /* AppDelegate.swift in Sources */ = {isa = PBXBuildFile; fileRef = 86516E8123FB1C130049E517 /* AppDelegate.swift */; };
		86516E8423FB1C130049E517 /* SceneDelegate.swift in Sources */ = {isa = PBXBuildFile; fileRef = 86516E8323FB1C130049E517 /* SceneDelegate.swift */; };
		86516E8623FB1C130049E517 /* ViewController.swift in Sources */ = {isa = PBXBuildFile; fileRef = 86516E8523FB1C130049E517 /* ViewController.swift */; };
		86516E8923FB1C130049E517 /* Main.storyboard in Resources */ = {isa = PBXBuildFile; fileRef = 86516E8723FB1C130049E517 /* Main.storyboard */; };
		86516E8B23FB1C140049E517 /* Assets.xcassets in Resources */ = {isa = PBXBuildFile; fileRef = 86516E8A23FB1C140049E517 /* Assets.xcassets */; };
		86516E8E23FB1C140049E517 /* LaunchScreen.storyboard in Resources */ = {isa = PBXBuildFile; fileRef = 86516E8C23FB1C140049E517 /* LaunchScreen.storyboard */; };
		86516E9923FB1C150049E517 /* StackTests.swift in Sources */ = {isa = PBXBuildFile; fileRef = 86516E9823FB1C150049E517 /* StackTests.swift */; };
		86516EA423FB1C150049E517 /* StackUITests.swift in Sources */ = {isa = PBXBuildFile; fileRef = 86516EA323FB1C150049E517 /* StackUITests.swift */; };
/* End PBXBuildFile section */

/* Begin PBXContainerItemProxy section */
		86516E9523FB1C150049E517 /* PBXContainerItemProxy */ = {
			isa = PBXContainerItemProxy;
			containerPortal = 86516E7623FB1C130049E517 /* Project object */;
			proxyType = 1;
			remoteGlobalIDString = 86516E7D23FB1C130049E517;
			remoteInfo = Stack;
		};
		86516EA023FB1C150049E517 /* PBXContainerItemProxy */ = {
			isa = PBXContainerItemProxy;
			containerPortal = 86516E7623FB1C130049E517 /* Project object */;
			proxyType = 1;
			remoteGlobalIDString = 86516E7D23FB1C130049E517;
			remoteInfo = Stack;
		};
/* End PBXContainerItemProxy section */

/* Begin PBXFileReference section */
		86516E7E23FB1C130049E517 /* Stack.app */ = {isa = PBXFileReference; explicitFileType = wrapper.application; includeInIndex = 0; path = Stack.app; sourceTree = BUILT_PRODUCTS_DIR; };
		86516E8123FB1C130049E517 /* AppDelegate.swift */ = {isa = PBXFileReference; lastKnownFileType = sourcecode.swift; path = AppDelegate.swift; sourceTree = "<group>"; };
		86516E8323FB1C130049E517 /* SceneDelegate.swift */ = {isa = PBXFileReference; lastKnownFileType = sourcecode.swift; path = SceneDelegate.swift; sourceTree = "<group>"; };
		86516E8523FB1C130049E517 /* ViewController.swift */ = {isa = PBXFileReference; lastKnownFileType = sourcecode.swift; path = ViewController.swift; sourceTree = "<group>"; };
		86516E8823FB1C130049E517 /* Base */ = {isa = PBXFileReference; lastKnownFileType = file.storyboard; name = Base; path = Base.lproj/Main.storyboard; sourceTree = "<group>"; };
		86516E8A23FB1C140049E517 /* Assets.xcassets */ = {isa = PBXFileReference; lastKnownFileType = folder.assetcatalog; path = Assets.xcassets; sourceTree = "<group>"; };
		86516E8D23FB1C140049E517 /* Base */ = {isa = PBXFileReference; lastKnownFileType = file.storyboard; name = Base; path = Base.lproj/LaunchScreen.storyboard; sourceTree = "<group>"; };
		86516E8F23FB1C140049E517 /* Info.plist */ = {isa = PBXFileReference; lastKnownFileType = text.plist.xml; path = Info.plist; sourceTree = "<group>"; };
		86516E9423FB1C150049E517 /* StackTests.xctest */ = {isa = PBXFileReference; explicitFileType = wrapper.cfbundle; includeInIndex = 0; path = StackTests.xctest; sourceTree = BUILT_PRODUCTS_DIR; };
		86516E9823FB1C150049E517 /* StackTests.swift */ = {isa = PBXFileReference; lastKnownFileType = sourcecode.swift; path = StackTests.swift; sourceTree = "<group>"; };
		86516E9A23FB1C150049E517 /* Info.plist */ = {isa = PBXFileReference; lastKnownFileType = text.plist.xml; path = Info.plist; sourceTree = "<group>"; };
		86516E9F23FB1C150049E517 /* StackUITests.xctest */ = {isa = PBXFileReference; explicitFileType = wrapper.cfbundle; includeInIndex = 0; path = StackUITests.xctest; sourceTree = BUILT_PRODUCTS_DIR; };
		86516EA323FB1C150049E517 /* StackUITests.swift */ = {isa = PBXFileReference; lastKnownFileType = sourcecode.swift; path = StackUITests.swift; sourceTree = "<group>"; };
		86516EA523FB1C150049E517 /* Info.plist */ = {isa = PBXFileReference; lastKnownFileType = text.plist.xml; path = Info.plist; sourceTree = "<group>"; };
/* End PBXFileReference section */

/* Begin PBXFrameworksBuildPhase section */
		86516E7B23FB1C130049E517 /* Frameworks */ = {
			isa = PBXFrameworksBuildPhase;
			buildActionMask = 2147483647;
			files = (
			);
			runOnlyForDeploymentPostprocessing = 0;
		};
		86516E9123FB1C150049E517 /* Frameworks */ = {
			isa = PBXFrameworksBuildPhase;
			buildActionMask = 2147483647;
			files = (
			);
			runOnlyForDeploymentPostprocessing = 0;
		};
		86516E9C23FB1C150049E517 /* Frameworks */ = {
			isa = PBXFrameworksBuildPhase;
			buildActionMask = 2147483647;
			files = (
			);
			runOnlyForDeploymentPostprocessing = 0;
		};
/* End PBXFrameworksBuildPhase section */

/* Begin PBXGroup section */
		86516E7523FB1C130049E517 = {
			isa = PBXGroup;
			children = (
				86516E8023FB1C130049E517 /* Stack */,
				86516E9723FB1C150049E517 /* StackTests */,
				86516EA223FB1C150049E517 /* StackUITests */,
				86516E7F23FB1C130049E517 /* Products */,
			);
			sourceTree = "<group>";
		};
		86516E7F23FB1C130049E517 /* Products */ = {
			isa = PBXGroup;
			children = (
				86516E7E23FB1C130049E517 /* Stack.app */,
				86516E9423FB1C150049E517 /* StackTests.xctest */,
				86516E9F23FB1C150049E517 /* StackUITests.xctest */,
			);
			name = Products;
			sourceTree = "<group>";
		};
		86516E8023FB1C130049E517 /* Stack */ = {
			isa = PBXGroup;
			children = (
				86516E8123FB1C130049E517 /* AppDelegate.swift */,
				86516E8323FB1C130049E517 /* SceneDelegate.swift */,
				86516E8523FB1C130049E517 /* ViewController.swift */,
				86516E8723FB1C130049E517 /* Main.storyboard */,
				86516E8A23FB1C140049E517 /* Assets.xcassets */,
				86516E8C23FB1C140049E517 /* LaunchScreen.storyboard */,
				86516E8F23FB1C140049E517 /* Info.plist */,
			);
			path = Stack;
			sourceTree = "<group>";
		};
		86516E9723FB1C150049E517 /* StackTests */ = {
			isa = PBXGroup;
			children = (
				86516E9823FB1C150049E517 /* StackTests.swift */,
				86516E9A23FB1C150049E517 /* Info.plist */,
			);
			path = StackTests;
			sourceTree = "<group>";
		};
		86516EA223FB1C150049E517 /* StackUITests */ = {
			isa = PBXGroup;
			children = (
				86516EA323FB1C150049E517 /* StackUITests.swift */,
				86516EA523FB1C150049E517 /* Info.plist */,
			);
			path = StackUITests;
			sourceTree = "<group>";
		};
/* End PBXGroup section */

/* Begin PBXNativeTarget section */
		86516E7D23FB1C130049E517 /* Stack */ = {
			isa = PBXNativeTarget;
			buildConfigurationList = 86516EA823FB1C150049E517 /* Build configuration list for PBXNativeTarget "Stack" */;
			buildPhases = (
				86516E7A23FB1C130049E517 /* Sources */,
				86516E7B23FB1C130049E517 /* Frameworks */,
				86516E7C23FB1C130049E517 /* Resources */,
			);
			buildRules = (
			);
			dependencies = (
			);
			name = Stack;
			productName = Stack;
			productReference = 86516E7E23FB1C130049E517 /* Stack.app */;
			productType = "com.apple.product-type.application";
		};
		86516E9323FB1C150049E517 /* StackTests */ = {
			isa = PBXNativeTarget;
			buildConfigurationList = 86516EAB23FB1C150049E517 /* Build configuration list for PBXNativeTarget "StackTests" */;
			buildPhases = (
				86516E9023FB1C150049E517 /* Sources */,
				86516E9123FB1C150049E517 /* Frameworks */,
				86516E9223FB1C150049E517 /* Resources */,
			);
			buildRules = (
			);
			dependencies = (
				86516E9623FB1C150049E517 /* PBXTargetDependency */,
			);
			name = StackTests;
			productName = StackTests;
			productReference = 86516E9423FB1C150049E517 /* StackTests.xctest */;
			productType = "com.apple.product-type.bundle.unit-test";
		};
		86516E9E23FB1C150049E517 /* StackUITests */ = {
			isa = PBXNativeTarget;
			buildConfigurationList = 86516EAE23FB1C150049E517 /* Build configuration list for PBXNativeTarget "StackUITests" */;
			buildPhases = (
				86516E9B23FB1C150049E517 /* Sources */,
				86516E9C23FB1C150049E517 /* Frameworks */,
				86516E9D23FB1C150049E517 /* Resources */,
			);
			buildRules = (
			);
			dependencies = (
				86516EA123FB1C150049E517 /* PBXTargetDependency */,
			);
			name = StackUITests;
			productName = StackUITests;
			productReference = 86516E9F23FB1C150049E517 /* StackUITests.xctest */;
			productType = "com.apple.product-type.bundle.ui-testing";
		};
/* End PBXNativeTarget section */

/* Begin PBXProject section */
		86516E7623FB1C130049E517 /* Project object */ = {
			isa = PBXProject;
			attributes = {
				LastSwiftUpdateCheck = 1100;
				LastUpgradeCheck = 1100;
				ORGANIZATIONNAME = user165007;
				TargetAttributes = {
					86516E7D23FB1C130049E517 = {
						CreatedOnToolsVersion = 11.0;
					};
					86516E9323FB1C150049E517 = {
						CreatedOnToolsVersion = 11.0;
						TestTargetID = 86516E7D23FB1C130049E517;
					};
					86516E9E23FB1C150049E517 = {
						CreatedOnToolsVersion = 11.0;
						TestTargetID = 86516E7D23FB1C130049E517;
					};
				};
			};
			buildConfigurationList = 86516E7923FB1C130049E517 /* Build configuration list for PBXProject "Stack" */;
			compatibilityVersion = "Xcode 9.3";
			developmentRegion = en;
			hasScannedForEncodings = 0;
			knownRegions = (
				en,
				Base,
			);
			mainGroup = 86516E7523FB1C130049E517;
			productRefGroup = 86516E7F23FB1C130049E517 /* Products */;
			projectDirPath = "";
			projectRoot = "";
			targets = (
				86516E7D23FB1C130049E517 /* Stack */,
				86516E9323FB1C150049E517 /* StackTests */,
				86516E9E23FB1C150049E517 /* StackUITests */,
			);
		};
/* End PBXProject section */

/* Begin PBXResourcesBuildPhase section */
		86516E7C23FB1C130049E517 /* Resources */ = {
			isa = PBXResourcesBuildPhase;
			buildActionMask = 2147483647;
			files = (
				86516E8E23FB1C140049E517 /* LaunchScreen.storyboard in Resources */,
				86516E8B23FB1C140049E517 /* Assets.xcassets in Resources */,
				86516E8923FB1C130049E517 /* Main.storyboard in Resources */,
			);
			runOnlyForDeploymentPostprocessing = 0;
		};
		86516E9223FB1C150049E517 /* Resources */ = {
			isa = PBXResourcesBuildPhase;
			buildActionMask = 2147483647;
			files = (
			);
			runOnlyForDeploymentPostprocessing = 0;
		};
		86516E9D23FB1C150049E517 /* Resources */ = {
			isa = PBXResourcesBuildPhase;
			buildActionMask = 2147483647;
			files = (
			);
			runOnlyForDeploymentPostprocessing = 0;
		};
/* End PBXResourcesBuildPhase section */

/* Begin PBXSourcesBuildPhase section */
		86516E7A23FB1C130049E517 /* Sources */ = {
			isa = PBXSourcesBuildPhase;
			buildActionMask = 2147483647;
			files = (
				86516E8623FB1C130049E517 /* ViewController.swift in Sources */,
				86516E8223FB1C130049E517 /* AppDelegate.swift in Sources */,
				86516E8423FB1C130049E517 /* SceneDelegate.swift in Sources */,
			);
			runOnlyForDeploymentPostprocessing = 0;
		};
		86516E9023FB1C150049E517 /* Sources */ = {
			isa = PBXSourcesBuildPhase;
			buildActionMask = 2147483647;
			files = (
				86516E9923FB1C150049E517 /* StackTests.swift in Sources */,
			);
			runOnlyForDeploymentPostprocessing = 0;
		};
		86516E9B23FB1C150049E517 /* Sources */ = {
			isa = PBXSourcesBuildPhase;
			buildActionMask = 2147483647;
			files = (
				86516EA423FB1C150049E517 /* StackUITests.swift in Sources */,
			);
			runOnlyForDeploymentPostprocessing = 0;
		};
/* End PBXSourcesBuildPhase section */

/* Begin PBXTargetDependency section */
		86516E9623FB1C150049E517 /* PBXTargetDependency */ = {
			isa = PBXTargetDependency;
			target = 86516E7D23FB1C130049E517 /* Stack */;
			targetProxy = 86516E9523FB1C150049E517 /* PBXContainerItemProxy */;
		};
		86516EA123FB1C150049E517 /* PBXTargetDependency */ = {
			isa = PBXTargetDependency;
			target = 86516E7D23FB1C130049E517 /* Stack */;
			targetProxy = 86516EA023FB1C150049E517 /* PBXContainerItemProxy */;
		};
/* End PBXTargetDependency section */

/* Begin PBXVariantGroup section */
		86516E8723FB1C130049E517 /* Main.storyboard */ = {
			isa = PBXVariantGroup;
			children = (
				86516E8823FB1C130049E517 /* Base */,
			);
			name = Main.storyboard;
			sourceTree = "<group>";
		};
		86516E8C23FB1C140049E517 /* LaunchScreen.storyboard */ = {
			isa = PBXVariantGroup;
			children = (
				86516E8D23FB1C140049E517 /* Base */,
			);
			name = LaunchScreen.storyboard;
			sourceTree = "<group>";
		};
/* End PBXVariantGroup section */

/* Begin XCBuildConfiguration section */
		86516EA623FB1C150049E517 /* Debug */ = {
			isa = XCBuildConfiguration;
			buildSettings = {
				ALWAYS_SEARCH_USER_PATHS = NO;
				CLANG_ANALYZER_NONNULL = YES;
				CLANG_ANALYZER_NUMBER_OBJECT_CONVERSION = YES_AGGRESSIVE;
				CLANG_CXX_LANGUAGE_STANDARD = "gnu++14";
				CLANG_CXX_LIBRARY = "libc++";
				CLANG_ENABLE_MODULES = YES;
				CLANG_ENABLE_OBJC_ARC = YES;
				CLANG_ENABLE_OBJC_WEAK = YES;
				CLANG_WARN_BLOCK_CAPTURE_AUTORELEASING = YES;
				CLANG_WARN_BOOL_CONVERSION = YES;
				CLANG_WARN_COMMA = YES;
				CLANG_WARN_CONSTANT_CONVERSION = YES;
				CLANG_WARN_DEPRECATED_OBJC_IMPLEMENTATIONS = YES;
				CLANG_WARN_DIRECT_OBJC_ISA_USAGE = YES_ERROR;
				CLANG_WARN_DOCUMENTATION_COMMENTS = YES;
				CLANG_WARN_EMPTY_BODY = YES;
				CLANG_WARN_ENUM_CONVERSION = YES;
				CLANG_WARN_INFINITE_RECURSION = YES;
				CLANG_WARN_INT_CONVERSION = YES;
				CLANG_WARN_NON_LITERAL_NULL_CONVERSION = YES;
				CLANG_WARN_OBJC_IMPLICIT_RETAIN_SELF = YES;
				CLANG_WARN_OBJC_LITERAL_CONVERSION = YES;
				CLANG_WARN_OBJC_ROOT_CLASS = YES_ERROR;
				CLANG_WARN_RANGE_LOOP_ANALYSIS = YES;
				CLANG_WARN_STRICT_PROTOTYPES = YES;
				CLANG_WARN_SUSPICIOUS_MOVE = YES;
				CLANG_WARN_UNGUARDED_AVAILABILITY = YES_AGGRESSIVE;
				CLANG_WARN_UNREACHABLE_CODE = YES;
				CLANG_WARN__DUPLICATE_METHOD_MATCH = YES;
				COPY_PHASE_STRIP = NO;
				DEBUG_INFORMATION_FORMAT = dwarf;
				ENABLE_STRICT_OBJC_MSGSEND = YES;
				ENABLE_TESTABILITY = YES;
				GCC_C_LANGUAGE_STANDARD = gnu11;
				GCC_DYNAMIC_NO_PIC = NO;
				GCC_NO_COMMON_BLOCKS = YES;
				GCC_OPTIMIZATION_LEVEL = 0;
				GCC_PREPROCESSOR_DEFINITIONS = (
					"DEBUG=1",
					"$(inherited)",
				);
				GCC_WARN_64_TO_32_BIT_CONVERSION = YES;
				GCC_WARN_ABOUT_RETURN_TYPE = YES_ERROR;
				GCC_WARN_UNDECLARED_SELECTOR = YES;
				GCC_WARN_UNINITIALIZED_AUTOS = YES_AGGRESSIVE;
				GCC_WARN_UNUSED_FUNCTION = YES;
				GCC_WARN_UNUSED_VARIABLE = YES;
				IPHONEOS_DEPLOYMENT_TARGET = 13.0;
				MTL_ENABLE_DEBUG_INFO = INCLUDE_SOURCE;
				MTL_FAST_MATH = YES;
				ONLY_ACTIVE_ARCH = YES;
				SDKROOT = iphoneos;
				SWIFT_ACTIVE_COMPILATION_CONDITIONS = DEBUG;
				SWIFT_OPTIMIZATION_LEVEL = "-Onone";
			};
			name = Debug;
		};
		86516EA723FB1C150049E517 /* Release */ = {
			isa = XCBuildConfiguration;
			buildSettings = {
				ALWAYS_SEARCH_USER_PATHS = NO;
				CLANG_ANALYZER_NONNULL = YES;
				CLANG_ANALYZER_NUMBER_OBJECT_CONVERSION = YES_AGGRESSIVE;
				CLANG_CXX_LANGUAGE_STANDARD = "gnu++14";
				CLANG_CXX_LIBRARY = "libc++";
				CLANG_ENABLE_MODULES = YES;
				CLANG_ENABLE_OBJC_ARC = YES;
				CLANG_ENABLE_OBJC_WEAK = YES;
				CLANG_WARN_BLOCK_CAPTURE_AUTORELEASING = YES;
				CLANG_WARN_BOOL_CONVERSION = YES;
				CLANG_WARN_COMMA = YES;
				CLANG_WARN_CONSTANT_CONVERSION = YES;
				CLANG_WARN_DEPRECATED_OBJC_IMPLEMENTATIONS = YES;
				CLANG_WARN_DIRECT_OBJC_ISA_USAGE = YES_ERROR;
				CLANG_WARN_DOCUMENTATION_COMMENTS = YES;
				CLANG_WARN_EMPTY_BODY = YES;
				CLANG_WARN_ENUM_CONVERSION = YES;
				CLANG_WARN_INFINITE_RECURSION = YES;
				CLANG_WARN_INT_CONVERSION = YES;
				CLANG_WARN_NON_LITERAL_NULL_CONVERSION = YES;
				CLANG_WARN_OBJC_IMPLICIT_RETAIN_SELF = YES;
				CLANG_WARN_OBJC_LITERAL_CONVERSION = YES;
				CLANG_WARN_OBJC_ROOT_CLASS = YES_ERROR;
				CLANG_WARN_RANGE_LOOP_ANALYSIS = YES;
				CLANG_WARN_STRICT_PROTOTYPES = YES;
				CLANG_WARN_SUSPICIOUS_MOVE = YES;
				CLANG_WARN_UNGUARDED_AVAILABILITY = YES_AGGRESSIVE;
				CLANG_WARN_UNREACHABLE_CODE = YES;
				CLANG_WARN__DUPLICATE_METHOD_MATCH = YES;
				COPY_PHASE_STRIP = NO;
				DEBUG_INFORMATION_FORMAT = "dwarf-with-dsym";
				ENABLE_NS_ASSERTIONS = NO;
				ENABLE_STRICT_OBJC_MSGSEND = YES;
				GCC_C_LANGUAGE_STANDARD = gnu11;
				GCC_NO_COMMON_BLOCKS = YES;
				GCC_WARN_64_TO_32_BIT_CONVERSION = YES;
				GCC_WARN_ABOUT_RETURN_TYPE = YES_ERROR;
				GCC_WARN_UNDECLARED_SELECTOR = YES;
				GCC_WARN_UNINITIALIZED_AUTOS = YES_AGGRESSIVE;
				GCC_WARN_UNUSED_FUNCTION = YES;
				GCC_WARN_UNUSED_VARIABLE = YES;
				IPHONEOS_DEPLOYMENT_TARGET = 13.0;
				MTL_ENABLE_DEBUG_INFO = NO;
				MTL_FAST_MATH = YES;
				SDKROOT = iphoneos;
				SWIFT_COMPILATION_MODE = wholemodule;
				SWIFT_OPTIMIZATION_LEVEL = "-O";
				VALIDATE_PRODUCT = YES;
			};
			name = Release;
		};
		86516EA923FB1C150049E517 /* Debug */ = {
			isa = XCBuildConfiguration;
			buildSettings = {
				ASSETCATALOG_COMPILER_APPICON_NAME = AppIcon;
				CODE_SIGN_STYLE = Automatic;
				INFOPLIST_FILE = Stack/Info.plist;
				LD_RUNPATH_SEARCH_PATHS = (
					"$(inherited)",
					"@executable_path/Frameworks",
				);
				PRODUCT_BUNDLE_IDENTIFIER = Chaitanya.Stack;
				PRODUCT_NAME = "$(TARGET_NAME)";
				SWIFT_VERSION = 5.0;
				TARGETED_DEVICE_FAMILY = "1,2";
			};
			name = Debug;
		};
		86516EAA23FB1C150049E517 /* Release */ = {
			isa = XCBuildConfiguration;
			buildSettings = {
				ASSETCATALOG_COMPILER_APPICON_NAME = AppIcon;
				CODE_SIGN_STYLE = Automatic;
				INFOPLIST_FILE = Stack/Info.plist;
				LD_RUNPATH_SEARCH_PATHS = (
					"$(inherited)",
					"@executable_path/Frameworks",
				);
				PRODUCT_BUNDLE_IDENTIFIER = Chaitanya.Stack;
				PRODUCT_NAME = "$(TARGET_NAME)";
				SWIFT_VERSION = 5.0;
				TARGETED_DEVICE_FAMILY = "1,2";
			};
			name = Release;
		};
		86516EAC23FB1C150049E517 /* Debug */ = {
			isa = XCBuildConfiguration;
			buildSettings = {
				ALWAYS_EMBED_SWIFT_STANDARD_LIBRARIES = YES;
				BUNDLE_LOADER = "$(TEST_HOST)";
				CODE_SIGN_STYLE = Automatic;
				INFOPLIST_FILE = StackTests/Info.plist;
				IPHONEOS_DEPLOYMENT_TARGET = 13.0;
				LD_RUNPATH_SEARCH_PATHS = (
					"$(inherited)",
					"@executable_path/Frameworks",
					"@loader_path/Frameworks",
				);
				PRODUCT_BUNDLE_IDENTIFIER = Chaitanya.StackTests;
				PRODUCT_NAME = "$(TARGET_NAME)";
				SWIFT_VERSION = 5.0;
				TARGETED_DEVICE_FAMILY = "1,2";
				TEST_HOST = "$(BUILT_PRODUCTS_DIR)/Stack.app/Stack";
			};
			name = Debug;
		};
		86516EAD23FB1C150049E517 /* Release */ = {
			isa = XCBuildConfiguration;
			buildSettings = {
				ALWAYS_EMBED_SWIFT_STANDARD_LIBRARIES = YES;
				BUNDLE_LOADER = "$(TEST_HOST)";
				CODE_SIGN_STYLE = Automatic;
				INFOPLIST_FILE = StackTests/Info.plist;
				IPHONEOS_DEPLOYMENT_TARGET = 13.0;
				LD_RUNPATH_SEARCH_PATHS = (
					"$(inherited)",
					"@executable_path/Frameworks",
					"@loader_path/Frameworks",
				);
				PRODUCT_BUNDLE_IDENTIFIER = Chaitanya.StackTests;
				PRODUCT_NAME = "$(TARGET_NAME)";
				SWIFT_VERSION = 5.0;
				TARGETED_DEVICE_FAMILY = "1,2";
				TEST_HOST = "$(BUILT_PRODUCTS_DIR)/Stack.app/Stack";
			};
			name = Release;
		};
		86516EAF23FB1C150049E517 /* Debug */ = {
			isa = XCBuildConfiguration;
			buildSettings = {
				ALWAYS_EMBED_SWIFT_STANDARD_LIBRARIES = YES;
				CODE_SIGN_STYLE = Automatic;
				INFOPLIST_FILE = StackUITests/Info.plist;
				LD_RUNPATH_SEARCH_PATHS = (
					"$(inherited)",
					"@executable_path/Frameworks",
					"@loader_path/Frameworks",
				);
				PRODUCT_BUNDLE_IDENTIFIER = Chaitanya.StackUITests;
				PRODUCT_NAME = "$(TARGET_NAME)";
				SWIFT_VERSION = 5.0;
				TARGETED_DEVICE_FAMILY = "1,2";
				TEST_TARGET_NAME = Stack;
			};
			name = Debug;
		};
		86516EB023FB1C150049E517 /* Release */ = {
			isa = XCBuildConfiguration;
			buildSettings = {
				ALWAYS_EMBED_SWIFT_STANDARD_LIBRARIES = YES;
				CODE_SIGN_STYLE = Automatic;
				INFOPLIST_FILE = StackUITests/Info.plist;
				LD_RUNPATH_SEARCH_PATHS = (
					"$(inherited)",
					"@executable_path/Frameworks",
					"@loader_path/Frameworks",
				);
				PRODUCT_BUNDLE_IDENTIFIER = Chaitanya.StackUITests;
				PRODUCT_NAME = "$(TARGET_NAME)";
				SWIFT_VERSION = 5.0;
				TARGETED_DEVICE_FAMILY = "1,2";
				TEST_TARGET_NAME = Stack;
			};
			name = Release;
		};
/* End XCBuildConfiguration section */

/* Begin XCConfigurationList section */
		86516E7923FB1C130049E517 /* Build configuration list for PBXProject "Stack" */ = {
			isa = XCConfigurationList;
			buildConfigurations = (
				86516EA623FB1C150049E517 /* Debug */,
				86516EA723FB1C150049E517 /* Release */,
			);
			defaultConfigurationIsVisible = 0;
			defaultConfigurationName = Release;
		};
		86516EA823FB1C150049E517 /* Build configuration list for PBXNativeTarget "Stack" */ = {
			isa = XCConfigurationList;
			buildConfigurations = (
				86516EA923FB1C150049E517 /* Debug */,
				86516EAA23FB1C150049E517 /* Release */,
			);
			defaultConfigurationIsVisible = 0;
			defaultConfigurationName = Release;
		};
		86516EAB23FB1C150049E517 /* Build configuration list for PBXNativeTarget "StackTests" */ = {
			isa = XCConfigurationList;
			buildConfigurations = (
				86516EAC23FB1C150049E517 /* Debug */,
				86516EAD23FB1C150049E517 /* Release */,
			);
			defaultConfigurationIsVisible = 0;
			defaultConfigurationName = Release;
		};
		86516EAE23FB1C150049E517 /* Build configuration list for PBXNativeTarget "StackUITests" */ = {
			isa = XCConfigurationList;
			buildConfigurations = (
				86516EAF23FB1C150049E517 /* Debug */,
				86516EB023FB1C150049E517 /* Release */,
			);
			defaultConfigurationIsVisible = 0;
			defaultConfigurationName = Release;
		};
/* End XCConfigurationList section */
	};
	rootObject = 86516E7623FB1C130049E517 /* Project object */;
}
